// !$*UTF8*$!
{
	archiveVersion = 1;
	classes = {
	};
	objectVersion = 56;
	objects = {

/* Begin PBXBuildFile section */
		78793A4D2ACEC3C200B80163 /* AppDelegate.swift in Sources */ = {isa = PBXBuildFile; fileRef = 78793A4C2ACEC3C200B80163 /* AppDelegate.swift */; };
		78793A4F2ACEC3C200B80163 /* SceneDelegate.swift in Sources */ = {isa = PBXBuildFile; fileRef = 78793A4E2ACEC3C200B80163 /* SceneDelegate.swift */; };
		78793A512ACEC3C200B80163 /* ViewController.swift in Sources */ = {isa = PBXBuildFile; fileRef = 78793A502ACEC3C200B80163 /* ViewController.swift */; };
		78793A542ACEC3C200B80163 /* Main.storyboard in Resources */ = {isa = PBXBuildFile; fileRef = 78793A522ACEC3C200B80163 /* Main.storyboard */; };
		78793A562ACEC3C600B80163 /* Assets.xcassets in Resources */ = {isa = PBXBuildFile; fileRef = 78793A552ACEC3C600B80163 /* Assets.xcassets */; };
		78793A592ACEC3C600B80163 /* LaunchScreen.storyboard in Resources */ = {isa = PBXBuildFile; fileRef = 78793A572ACEC3C600B80163 /* LaunchScreen.storyboard */; };
		78793A612ACEE84C00B80163 /* MainView.swift in Sources */ = {isa = PBXBuildFile; fileRef = 78793A602ACEE84C00B80163 /* MainView.swift */; };
		78793A632ACEEA3A00B80163 /* CategoryView.swift in Sources */ = {isa = PBXBuildFile; fileRef = 78793A622ACEEA3A00B80163 /* CategoryView.swift */; };
		78793A652ACEEEDC00B80163 /* QuizView.swift in Sources */ = {isa = PBXBuildFile; fileRef = 78793A642ACEEEDC00B80163 /* QuizView.swift */; };
		AE57591F2ACEDE6300E8EF51 /* Celebrity.swift in Sources */ = {isa = PBXBuildFile; fileRef = AE57591E2ACEDE6300E8EF51 /* Celebrity.swift */; };
		AE5759252ACEE04100E8EF51 /* RxBlocking in Frameworks */ = {isa = PBXBuildFile; productRef = AE5759242ACEE04100E8EF51 /* RxBlocking */; };
		AE5759272ACEE04100E8EF51 /* RxBlocking-Dynamic in Frameworks */ = {isa = PBXBuildFile; productRef = AE5759262ACEE04100E8EF51 /* RxBlocking-Dynamic */; };
		AE5759292ACEE04100E8EF51 /* RxCocoa in Frameworks */ = {isa = PBXBuildFile; productRef = AE5759282ACEE04100E8EF51 /* RxCocoa */; };
		AE57592B2ACEE04100E8EF51 /* RxCocoa-Dynamic in Frameworks */ = {isa = PBXBuildFile; productRef = AE57592A2ACEE04100E8EF51 /* RxCocoa-Dynamic */; };
		AE57592D2ACEE04100E8EF51 /* RxRelay in Frameworks */ = {isa = PBXBuildFile; productRef = AE57592C2ACEE04100E8EF51 /* RxRelay */; };
		AE57592F2ACEE04100E8EF51 /* RxRelay-Dynamic in Frameworks */ = {isa = PBXBuildFile; productRef = AE57592E2ACEE04100E8EF51 /* RxRelay-Dynamic */; };
		AE5759312ACEE04100E8EF51 /* RxSwift in Frameworks */ = {isa = PBXBuildFile; productRef = AE5759302ACEE04100E8EF51 /* RxSwift */; };
		AE5759332ACEE04100E8EF51 /* RxSwift-Dynamic in Frameworks */ = {isa = PBXBuildFile; productRef = AE5759322ACEE04100E8EF51 /* RxSwift-Dynamic */; };
		AE5759352ACEE04100E8EF51 /* RxTest in Frameworks */ = {isa = PBXBuildFile; productRef = AE5759342ACEE04100E8EF51 /* RxTest */; };
		AE5759372ACEE04100E8EF51 /* RxTest-Dynamic in Frameworks */ = {isa = PBXBuildFile; productRef = AE5759362ACEE04100E8EF51 /* RxTest-Dynamic */; };
		AED6820A2ACEE10200898386 /* GuessWhoUseCase.swift in Sources */ = {isa = PBXBuildFile; fileRef = AED682092ACEE10200898386 /* GuessWhoUseCase.swift */; };
		AED6820D2ACEE18D00898386 /* CelebrityData.swift in Sources */ = {isa = PBXBuildFile; fileRef = AED6820C2ACEE18D00898386 /* CelebrityData.swift */; };
		AED682102ACEE2DF00898386 /* DataManager.swift in Sources */ = {isa = PBXBuildFile; fileRef = AED6820F2ACEE2DF00898386 /* DataManager.swift */; };
		AED682132ACEE32300898386 /* DataRepository.swift in Sources */ = {isa = PBXBuildFile; fileRef = AED682122ACEE32300898386 /* DataRepository.swift */; };
		AED682162ACEE57D00898386 /* DataError.swift in Sources */ = {isa = PBXBuildFile; fileRef = AED682152ACEE57D00898386 /* DataError.swift */; };
		AED682192ACEE60800898386 /* GuessWhoRepository.swift in Sources */ = {isa = PBXBuildFile; fileRef = AED682182ACEE60800898386 /* GuessWhoRepository.swift */; };
/* End PBXBuildFile section */

/* Begin PBXFileReference section */
		78793A492ACEC3C200B80163 /* GuessWho.app */ = {isa = PBXFileReference; explicitFileType = wrapper.application; includeInIndex = 0; path = GuessWho.app; sourceTree = BUILT_PRODUCTS_DIR; };
		78793A4C2ACEC3C200B80163 /* AppDelegate.swift */ = {isa = PBXFileReference; lastKnownFileType = sourcecode.swift; path = AppDelegate.swift; sourceTree = "<group>"; };
		78793A4E2ACEC3C200B80163 /* SceneDelegate.swift */ = {isa = PBXFileReference; lastKnownFileType = sourcecode.swift; path = SceneDelegate.swift; sourceTree = "<group>"; };
		78793A502ACEC3C200B80163 /* ViewController.swift */ = {isa = PBXFileReference; lastKnownFileType = sourcecode.swift; path = ViewController.swift; sourceTree = "<group>"; };
		78793A532ACEC3C200B80163 /* Base */ = {isa = PBXFileReference; lastKnownFileType = file.storyboard; name = Base; path = Base.lproj/Main.storyboard; sourceTree = "<group>"; };
		78793A552ACEC3C600B80163 /* Assets.xcassets */ = {isa = PBXFileReference; lastKnownFileType = folder.assetcatalog; path = Assets.xcassets; sourceTree = "<group>"; };
		78793A582ACEC3C600B80163 /* Base */ = {isa = PBXFileReference; lastKnownFileType = file.storyboard; name = Base; path = Base.lproj/LaunchScreen.storyboard; sourceTree = "<group>"; };
		78793A5A2ACEC3C600B80163 /* Info.plist */ = {isa = PBXFileReference; lastKnownFileType = text.plist.xml; path = Info.plist; sourceTree = "<group>"; };
		78793A602ACEE84C00B80163 /* MainView.swift */ = {isa = PBXFileReference; lastKnownFileType = sourcecode.swift; path = MainView.swift; sourceTree = "<group>"; };
		78793A622ACEEA3A00B80163 /* CategoryView.swift */ = {isa = PBXFileReference; lastKnownFileType = sourcecode.swift; path = CategoryView.swift; sourceTree = "<group>"; };
		78793A642ACEEEDC00B80163 /* QuizView.swift */ = {isa = PBXFileReference; lastKnownFileType = sourcecode.swift; path = QuizView.swift; sourceTree = "<group>"; };
		AE57591E2ACEDE6300E8EF51 /* Celebrity.swift */ = {isa = PBXFileReference; lastKnownFileType = sourcecode.swift; path = Celebrity.swift; sourceTree = "<group>"; };
		AED682092ACEE10200898386 /* GuessWhoUseCase.swift */ = {isa = PBXFileReference; lastKnownFileType = sourcecode.swift; path = GuessWhoUseCase.swift; sourceTree = "<group>"; };
		AED6820C2ACEE18D00898386 /* CelebrityData.swift */ = {isa = PBXFileReference; lastKnownFileType = sourcecode.swift; path = CelebrityData.swift; sourceTree = "<group>"; };
		AED6820F2ACEE2DF00898386 /* DataManager.swift */ = {isa = PBXFileReference; lastKnownFileType = sourcecode.swift; path = DataManager.swift; sourceTree = "<group>"; };
		AED682122ACEE32300898386 /* DataRepository.swift */ = {isa = PBXFileReference; lastKnownFileType = sourcecode.swift; path = DataRepository.swift; sourceTree = "<group>"; };
		AED682152ACEE57D00898386 /* DataError.swift */ = {isa = PBXFileReference; lastKnownFileType = sourcecode.swift; path = DataError.swift; sourceTree = "<group>"; };
		AED682182ACEE60800898386 /* GuessWhoRepository.swift */ = {isa = PBXFileReference; lastKnownFileType = sourcecode.swift; path = GuessWhoRepository.swift; sourceTree = "<group>"; };
/* End PBXFileReference section */

/* Begin PBXFrameworksBuildPhase section */
		78793A462ACEC3C200B80163 /* Frameworks */ = {
			isa = PBXFrameworksBuildPhase;
			buildActionMask = 2147483647;
			files = (
				AE5759332ACEE04100E8EF51 /* RxSwift-Dynamic in Frameworks */,
				AE5759352ACEE04100E8EF51 /* RxTest in Frameworks */,
				AE57592D2ACEE04100E8EF51 /* RxRelay in Frameworks */,
				AE57592B2ACEE04100E8EF51 /* RxCocoa-Dynamic in Frameworks */,
				AE57592F2ACEE04100E8EF51 /* RxRelay-Dynamic in Frameworks */,
				AE5759292ACEE04100E8EF51 /* RxCocoa in Frameworks */,
				AE5759252ACEE04100E8EF51 /* RxBlocking in Frameworks */,
				AE5759272ACEE04100E8EF51 /* RxBlocking-Dynamic in Frameworks */,
				AE5759372ACEE04100E8EF51 /* RxTest-Dynamic in Frameworks */,
				AE5759312ACEE04100E8EF51 /* RxSwift in Frameworks */,
			);
			runOnlyForDeploymentPostprocessing = 0;
		};
/* End PBXFrameworksBuildPhase section */

/* Begin PBXGroup section */
		78793A402ACEC3C200B80163 = {
			isa = PBXGroup;
			children = (
				78793A4B2ACEC3C200B80163 /* GuessWho */,
				78793A4A2ACEC3C200B80163 /* Products */,
			);
			sourceTree = "<group>";
		};
		78793A4A2ACEC3C200B80163 /* Products */ = {
			isa = PBXGroup;
			children = (
				78793A492ACEC3C200B80163 /* GuessWho.app */,
			);
			name = Products;
			sourceTree = "<group>";
		};
		78793A4B2ACEC3C200B80163 /* GuessWho */ = {
			isa = PBXGroup;
			children = (
				AED6820B2ACEE16700898386 /* Data */,
				AE57591C2ACEDE1200E8EF51 /* Domain */,
				78793A4C2ACEC3C200B80163 /* AppDelegate.swift */,
				78793A4E2ACEC3C200B80163 /* SceneDelegate.swift */,
				78793A502ACEC3C200B80163 /* ViewController.swift */,
				78793A642ACEEEDC00B80163 /* QuizView.swift */,
				78793A622ACEEA3A00B80163 /* CategoryView.swift */,
				78793A602ACEE84C00B80163 /* MainView.swift */,
				78793A522ACEC3C200B80163 /* Main.storyboard */,
				78793A552ACEC3C600B80163 /* Assets.xcassets */,
				78793A572ACEC3C600B80163 /* LaunchScreen.storyboard */,
				78793A5A2ACEC3C600B80163 /* Info.plist */,
			);
			path = GuessWho;
			sourceTree = "<group>";
		};
		AE57591C2ACEDE1200E8EF51 /* Domain */ = {
			isa = PBXGroup;
			children = (
				AE57591D2ACEDE3700E8EF51 /* Entities */,
				AED682082ACEE0ED00898386 /* UseCases */,
				AED682142ACEE37000898386 /* Interfaces */,
			);
			path = Domain;
			sourceTree = "<group>";
		};
		AE57591D2ACEDE3700E8EF51 /* Entities */ = {
			isa = PBXGroup;
			children = (
				AE57591E2ACEDE6300E8EF51 /* Celebrity.swift */,
			);
			path = Entities;
			sourceTree = "<group>";
		};
		AED682082ACEE0ED00898386 /* UseCases */ = {
			isa = PBXGroup;
			children = (
				AED682092ACEE10200898386 /* GuessWhoUseCase.swift */,
			);
			path = UseCases;
			sourceTree = "<group>";
		};
		AED6820B2ACEE16700898386 /* Data */ = {
			isa = PBXGroup;
			children = (
				AED6820C2ACEE18D00898386 /* CelebrityData.swift */,
				AED682172ACEE5E600898386 /* Repositories */,
				AED6820E2ACEE2C500898386 /* Manager */,
			);
			path = Data;
			sourceTree = "<group>";
		};
		AED6820E2ACEE2C500898386 /* Manager */ = {
			isa = PBXGroup;
			children = (
				AED6820F2ACEE2DF00898386 /* DataManager.swift */,
				AED682152ACEE57D00898386 /* DataError.swift */,
			);
			path = Manager;
			sourceTree = "<group>";
		};
		AED682112ACEE30300898386 /* Repositories */ = {
			isa = PBXGroup;
			children = (
				AED682122ACEE32300898386 /* DataRepository.swift */,
			);
			path = Repositories;
			sourceTree = "<group>";
		};
		AED682142ACEE37000898386 /* Interfaces */ = {
			isa = PBXGroup;
			children = (
				AED682112ACEE30300898386 /* Repositories */,
			);
			path = Interfaces;
			sourceTree = "<group>";
		};
		AED682172ACEE5E600898386 /* Repositories */ = {
			isa = PBXGroup;
			children = (
				AED682182ACEE60800898386 /* GuessWhoRepository.swift */,
			);
			path = Repositories;
			sourceTree = "<group>";
		};
/* End PBXGroup section */

/* Begin PBXNativeTarget section */
		78793A482ACEC3C200B80163 /* GuessWho */ = {
			isa = PBXNativeTarget;
			buildConfigurationList = 78793A5D2ACEC3C600B80163 /* Build configuration list for PBXNativeTarget "GuessWho" */;
			buildPhases = (
				78793A452ACEC3C200B80163 /* Sources */,
				78793A462ACEC3C200B80163 /* Frameworks */,
				78793A472ACEC3C200B80163 /* Resources */,
			);
			buildRules = (
			);
			dependencies = (
			);
			name = GuessWho;
			packageProductDependencies = (
				AE5759242ACEE04100E8EF51 /* RxBlocking */,
				AE5759262ACEE04100E8EF51 /* RxBlocking-Dynamic */,
				AE5759282ACEE04100E8EF51 /* RxCocoa */,
				AE57592A2ACEE04100E8EF51 /* RxCocoa-Dynamic */,
				AE57592C2ACEE04100E8EF51 /* RxRelay */,
				AE57592E2ACEE04100E8EF51 /* RxRelay-Dynamic */,
				AE5759302ACEE04100E8EF51 /* RxSwift */,
				AE5759322ACEE04100E8EF51 /* RxSwift-Dynamic */,
				AE5759342ACEE04100E8EF51 /* RxTest */,
				AE5759362ACEE04100E8EF51 /* RxTest-Dynamic */,
			);
			productName = GuessWho;
			productReference = 78793A492ACEC3C200B80163 /* GuessWho.app */;
			productType = "com.apple.product-type.application";
		};
/* End PBXNativeTarget section */

/* Begin PBXProject section */
		78793A412ACEC3C200B80163 /* Project object */ = {
			isa = PBXProject;
			attributes = {
				BuildIndependentTargetsInParallel = 1;
				LastSwiftUpdateCheck = 1430;
				LastUpgradeCheck = 1430;
				TargetAttributes = {
					78793A482ACEC3C200B80163 = {
						CreatedOnToolsVersion = 14.3;
					};
				};
			};
			buildConfigurationList = 78793A442ACEC3C200B80163 /* Build configuration list for PBXProject "GuessWho" */;
			compatibilityVersion = "Xcode 14.0";
			developmentRegion = en;
			hasScannedForEncodings = 0;
			knownRegions = (
				en,
				Base,
			);
			mainGroup = 78793A402ACEC3C200B80163;
			packageReferences = (
				AE5759232ACEE04100E8EF51 /* XCRemoteSwiftPackageReference "RxSwift" */,
			);
			productRefGroup = 78793A4A2ACEC3C200B80163 /* Products */;
			projectDirPath = "";
			projectRoot = "";
			targets = (
				78793A482ACEC3C200B80163 /* GuessWho */,
			);
		};
/* End PBXProject section */

/* Begin PBXResourcesBuildPhase section */
		78793A472ACEC3C200B80163 /* Resources */ = {
			isa = PBXResourcesBuildPhase;
			buildActionMask = 2147483647;
			files = (
				78793A592ACEC3C600B80163 /* LaunchScreen.storyboard in Resources */,
				78793A562ACEC3C600B80163 /* Assets.xcassets in Resources */,
				78793A542ACEC3C200B80163 /* Main.storyboard in Resources */,
			);
			runOnlyForDeploymentPostprocessing = 0;
		};
/* End PBXResourcesBuildPhase section */

/* Begin PBXSourcesBuildPhase section */
		78793A452ACEC3C200B80163 /* Sources */ = {
			isa = PBXSourcesBuildPhase;
			buildActionMask = 2147483647;
			files = (
				78793A512ACEC3C200B80163 /* ViewController.swift in Sources */,
				78793A612ACEE84C00B80163 /* MainView.swift in Sources */,
				AED682132ACEE32300898386 /* DataRepository.swift in Sources */,
				AED6820A2ACEE10200898386 /* GuessWhoUseCase.swift in Sources */,
				AE57591F2ACEDE6300E8EF51 /* Celebrity.swift in Sources */,
				AED682102ACEE2DF00898386 /* DataManager.swift in Sources */,
				78793A4D2ACEC3C200B80163 /* AppDelegate.swift in Sources */,
				AED682192ACEE60800898386 /* GuessWhoRepository.swift in Sources */,
				AED682162ACEE57D00898386 /* DataError.swift in Sources */,
				78793A4F2ACEC3C200B80163 /* SceneDelegate.swift in Sources */,
				78793A632ACEEA3A00B80163 /* CategoryView.swift in Sources */,
				78793A652ACEEEDC00B80163 /* QuizView.swift in Sources */,
				AED6820D2ACEE18D00898386 /* CelebrityData.swift in Sources */,
			);
			runOnlyForDeploymentPostprocessing = 0;
		};
/* End PBXSourcesBuildPhase section */

/* Begin PBXVariantGroup section */
		78793A522ACEC3C200B80163 /* Main.storyboard */ = {
			isa = PBXVariantGroup;
			children = (
				78793A532ACEC3C200B80163 /* Base */,
			);
			name = Main.storyboard;
			sourceTree = "<group>";
		};
		78793A572ACEC3C600B80163 /* LaunchScreen.storyboard */ = {
			isa = PBXVariantGroup;
			children = (
				78793A582ACEC3C600B80163 /* Base */,
			);
			name = LaunchScreen.storyboard;
			sourceTree = "<group>";
		};
/* End PBXVariantGroup section */

/* Begin XCBuildConfiguration section */
		78793A5B2ACEC3C600B80163 /* Debug */ = {
			isa = XCBuildConfiguration;
			buildSettings = {
				ALWAYS_SEARCH_USER_PATHS = NO;
				CLANG_ANALYZER_NONNULL = YES;
				CLANG_ANALYZER_NUMBER_OBJECT_CONVERSION = YES_AGGRESSIVE;
				CLANG_CXX_LANGUAGE_STANDARD = "gnu++20";
				CLANG_ENABLE_MODULES = YES;
				CLANG_ENABLE_OBJC_ARC = YES;
				CLANG_ENABLE_OBJC_WEAK = YES;
				CLANG_WARN_BLOCK_CAPTURE_AUTORELEASING = YES;
				CLANG_WARN_BOOL_CONVERSION = YES;
				CLANG_WARN_COMMA = YES;
				CLANG_WARN_CONSTANT_CONVERSION = YES;
				CLANG_WARN_DEPRECATED_OBJC_IMPLEMENTATIONS = YES;
				CLANG_WARN_DIRECT_OBJC_ISA_USAGE = YES_ERROR;
				CLANG_WARN_DOCUMENTATION_COMMENTS = YES;
				CLANG_WARN_EMPTY_BODY = YES;
				CLANG_WARN_ENUM_CONVERSION = YES;
				CLANG_WARN_INFINITE_RECURSION = YES;
				CLANG_WARN_INT_CONVERSION = YES;
				CLANG_WARN_NON_LITERAL_NULL_CONVERSION = YES;
				CLANG_WARN_OBJC_IMPLICIT_RETAIN_SELF = YES;
				CLANG_WARN_OBJC_LITERAL_CONVERSION = YES;
				CLANG_WARN_OBJC_ROOT_CLASS = YES_ERROR;
				CLANG_WARN_QUOTED_INCLUDE_IN_FRAMEWORK_HEADER = YES;
				CLANG_WARN_RANGE_LOOP_ANALYSIS = YES;
				CLANG_WARN_STRICT_PROTOTYPES = YES;
				CLANG_WARN_SUSPICIOUS_MOVE = YES;
				CLANG_WARN_UNGUARDED_AVAILABILITY = YES_AGGRESSIVE;
				CLANG_WARN_UNREACHABLE_CODE = YES;
				CLANG_WARN__DUPLICATE_METHOD_MATCH = YES;
				COPY_PHASE_STRIP = NO;
				DEBUG_INFORMATION_FORMAT = dwarf;
				ENABLE_STRICT_OBJC_MSGSEND = YES;
				ENABLE_TESTABILITY = YES;
				GCC_C_LANGUAGE_STANDARD = gnu11;
				GCC_DYNAMIC_NO_PIC = NO;
				GCC_NO_COMMON_BLOCKS = YES;
				GCC_OPTIMIZATION_LEVEL = 0;
				GCC_PREPROCESSOR_DEFINITIONS = (
					"DEBUG=1",
					"$(inherited)",
				);
				GCC_WARN_64_TO_32_BIT_CONVERSION = YES;
				GCC_WARN_ABOUT_RETURN_TYPE = YES_ERROR;
				GCC_WARN_UNDECLARED_SELECTOR = YES;
				GCC_WARN_UNINITIALIZED_AUTOS = YES_AGGRESSIVE;
				GCC_WARN_UNUSED_FUNCTION = YES;
				GCC_WARN_UNUSED_VARIABLE = YES;
				IPHONEOS_DEPLOYMENT_TARGET = 16.4;
				MTL_ENABLE_DEBUG_INFO = INCLUDE_SOURCE;
				MTL_FAST_MATH = YES;
				ONLY_ACTIVE_ARCH = YES;
				SDKROOT = iphoneos;
				SWIFT_ACTIVE_COMPILATION_CONDITIONS = DEBUG;
				SWIFT_OPTIMIZATION_LEVEL = "-Onone";
			};
			name = Debug;
		};
		78793A5C2ACEC3C600B80163 /* Release */ = {
			isa = XCBuildConfiguration;
			buildSettings = {
				ALWAYS_SEARCH_USER_PATHS = NO;
				CLANG_ANALYZER_NONNULL = YES;
				CLANG_ANALYZER_NUMBER_OBJECT_CONVERSION = YES_AGGRESSIVE;
				CLANG_CXX_LANGUAGE_STANDARD = "gnu++20";
				CLANG_ENABLE_MODULES = YES;
				CLANG_ENABLE_OBJC_ARC = YES;
				CLANG_ENABLE_OBJC_WEAK = YES;
				CLANG_WARN_BLOCK_CAPTURE_AUTORELEASING = YES;
				CLANG_WARN_BOOL_CONVERSION = YES;
				CLANG_WARN_COMMA = YES;
				CLANG_WARN_CONSTANT_CONVERSION = YES;
				CLANG_WARN_DEPRECATED_OBJC_IMPLEMENTATIONS = YES;
				CLANG_WARN_DIRECT_OBJC_ISA_USAGE = YES_ERROR;
				CLANG_WARN_DOCUMENTATION_COMMENTS = YES;
				CLANG_WARN_EMPTY_BODY = YES;
				CLANG_WARN_ENUM_CONVERSION = YES;
				CLANG_WARN_INFINITE_RECURSION = YES;
				CLANG_WARN_INT_CONVERSION = YES;
				CLANG_WARN_NON_LITERAL_NULL_CONVERSION = YES;
				CLANG_WARN_OBJC_IMPLICIT_RETAIN_SELF = YES;
				CLANG_WARN_OBJC_LITERAL_CONVERSION = YES;
				CLANG_WARN_OBJC_ROOT_CLASS = YES_ERROR;
				CLANG_WARN_QUOTED_INCLUDE_IN_FRAMEWORK_HEADER = YES;
				CLANG_WARN_RANGE_LOOP_ANALYSIS = YES;
				CLANG_WARN_STRICT_PROTOTYPES = YES;
				CLANG_WARN_SUSPICIOUS_MOVE = YES;
				CLANG_WARN_UNGUARDED_AVAILABILITY = YES_AGGRESSIVE;
				CLANG_WARN_UNREACHABLE_CODE = YES;
				CLANG_WARN__DUPLICATE_METHOD_MATCH = YES;
				COPY_PHASE_STRIP = NO;
				DEBUG_INFORMATION_FORMAT = "dwarf-with-dsym";
				ENABLE_NS_ASSERTIONS = NO;
				ENABLE_STRICT_OBJC_MSGSEND = YES;
				GCC_C_LANGUAGE_STANDARD = gnu11;
				GCC_NO_COMMON_BLOCKS = YES;
				GCC_WARN_64_TO_32_BIT_CONVERSION = YES;
				GCC_WARN_ABOUT_RETURN_TYPE = YES_ERROR;
				GCC_WARN_UNDECLARED_SELECTOR = YES;
				GCC_WARN_UNINITIALIZED_AUTOS = YES_AGGRESSIVE;
				GCC_WARN_UNUSED_FUNCTION = YES;
				GCC_WARN_UNUSED_VARIABLE = YES;
				IPHONEOS_DEPLOYMENT_TARGET = 16.4;
				MTL_ENABLE_DEBUG_INFO = NO;
				MTL_FAST_MATH = YES;
				SDKROOT = iphoneos;
				SWIFT_COMPILATION_MODE = wholemodule;
				SWIFT_OPTIMIZATION_LEVEL = "-O";
				VALIDATE_PRODUCT = YES;
			};
			name = Release;
		};
		78793A5E2ACEC3C600B80163 /* Debug */ = {
			isa = XCBuildConfiguration;
			buildSettings = {
				ASSETCATALOG_COMPILER_APPICON_NAME = AppIcon;
				ASSETCATALOG_COMPILER_GLOBAL_ACCENT_COLOR_NAME = AccentColor;
				CODE_SIGN_STYLE = Automatic;
				CURRENT_PROJECT_VERSION = 1;
				DEVELOPMENT_TEAM = "";
				GENERATE_INFOPLIST_FILE = YES;
				INFOPLIST_FILE = GuessWho/Info.plist;
				INFOPLIST_KEY_UIApplicationSupportsIndirectInputEvents = YES;
				INFOPLIST_KEY_UILaunchStoryboardName = LaunchScreen;
				INFOPLIST_KEY_UIMainStoryboardFile = Main;
				INFOPLIST_KEY_UISupportedInterfaceOrientations_iPad = "UIInterfaceOrientationPortrait UIInterfaceOrientationPortraitUpsideDown UIInterfaceOrientationLandscapeLeft UIInterfaceOrientationLandscapeRight";
				INFOPLIST_KEY_UISupportedInterfaceOrientations_iPhone = "UIInterfaceOrientationPortrait UIInterfaceOrientationLandscapeLeft UIInterfaceOrientationLandscapeRight";
				IPHONEOS_DEPLOYMENT_TARGET = 15.0;
				LD_RUNPATH_SEARCH_PATHS = (
					"$(inherited)",
					"@executable_path/Frameworks",
				);
				MARKETING_VERSION = 1.0;
				PRODUCT_BUNDLE_IDENTIFIER = com.yaaton.GuessWho;
				PRODUCT_NAME = "$(TARGET_NAME)";
				SWIFT_EMIT_LOC_STRINGS = YES;
				SWIFT_VERSION = 5.0;
				TARGETED_DEVICE_FAMILY = "1,2";
			};
			name = Debug;
		};
		78793A5F2ACEC3C600B80163 /* Release */ = {
			isa = XCBuildConfiguration;
			buildSettings = {
				ASSETCATALOG_COMPILER_APPICON_NAME = AppIcon;
				ASSETCATALOG_COMPILER_GLOBAL_ACCENT_COLOR_NAME = AccentColor;
				CODE_SIGN_STYLE = Automatic;
				CURRENT_PROJECT_VERSION = 1;
				DEVELOPMENT_TEAM = "";
				GENERATE_INFOPLIST_FILE = YES;
				INFOPLIST_FILE = GuessWho/Info.plist;
				INFOPLIST_KEY_UIApplicationSupportsIndirectInputEvents = YES;
				INFOPLIST_KEY_UILaunchStoryboardName = LaunchScreen;
				INFOPLIST_KEY_UIMainStoryboardFile = Main;
				INFOPLIST_KEY_UISupportedInterfaceOrientations_iPad = "UIInterfaceOrientationPortrait UIInterfaceOrientationPortraitUpsideDown UIInterfaceOrientationLandscapeLeft UIInterfaceOrientationLandscapeRight";
				INFOPLIST_KEY_UISupportedInterfaceOrientations_iPhone = "UIInterfaceOrientationPortrait UIInterfaceOrientationLandscapeLeft UIInterfaceOrientationLandscapeRight";
				IPHONEOS_DEPLOYMENT_TARGET = 15.0;
				LD_RUNPATH_SEARCH_PATHS = (
					"$(inherited)",
					"@executable_path/Frameworks",
				);
				MARKETING_VERSION = 1.0;
				PRODUCT_BUNDLE_IDENTIFIER = com.yaaton.GuessWho;
				PRODUCT_NAME = "$(TARGET_NAME)";
				SWIFT_EMIT_LOC_STRINGS = YES;
				SWIFT_VERSION = 5.0;
				TARGETED_DEVICE_FAMILY = "1,2";
			};
			name = Release;
		};
/* End XCBuildConfiguration section */

/* Begin XCConfigurationList section */
		78793A442ACEC3C200B80163 /* Build configuration list for PBXProject "GuessWho" */ = {
			isa = XCConfigurationList;
			buildConfigurations = (
				78793A5B2ACEC3C600B80163 /* Debug */,
				78793A5C2ACEC3C600B80163 /* Release */,
			);
			defaultConfigurationIsVisible = 0;
			defaultConfigurationName = Release;
		};
		78793A5D2ACEC3C600B80163 /* Build configuration list for PBXNativeTarget "GuessWho" */ = {
			isa = XCConfigurationList;
			buildConfigurations = (
				78793A5E2ACEC3C600B80163 /* Debug */,
				78793A5F2ACEC3C600B80163 /* Release */,
			);
			defaultConfigurationIsVisible = 0;
			defaultConfigurationName = Release;
		};
/* End XCConfigurationList section */

/* Begin XCRemoteSwiftPackageReference section */
		AE5759232ACEE04100E8EF51 /* XCRemoteSwiftPackageReference "RxSwift" */ = {
			isa = XCRemoteSwiftPackageReference;
			repositoryURL = "https://github.com/ReactiveX/RxSwift";
			requirement = {
				kind = upToNextMajorVersion;
				minimumVersion = 6.0.0;
			};
		};
/* End XCRemoteSwiftPackageReference section */

/* Begin XCSwiftPackageProductDependency section */
		AE5759242ACEE04100E8EF51 /* RxBlocking */ = {
			isa = XCSwiftPackageProductDependency;
			package = AE5759232ACEE04100E8EF51 /* XCRemoteSwiftPackageReference "RxSwift" */;
			productName = RxBlocking;
		};
		AE5759262ACEE04100E8EF51 /* RxBlocking-Dynamic */ = {
			isa = XCSwiftPackageProductDependency;
			package = AE5759232ACEE04100E8EF51 /* XCRemoteSwiftPackageReference "RxSwift" */;
			productName = "RxBlocking-Dynamic";
		};
		AE5759282ACEE04100E8EF51 /* RxCocoa */ = {
			isa = XCSwiftPackageProductDependency;
			package = AE5759232ACEE04100E8EF51 /* XCRemoteSwiftPackageReference "RxSwift" */;
			productName = RxCocoa;
		};
		AE57592A2ACEE04100E8EF51 /* RxCocoa-Dynamic */ = {
			isa = XCSwiftPackageProductDependency;
			package = AE5759232ACEE04100E8EF51 /* XCRemoteSwiftPackageReference "RxSwift" */;
			productName = "RxCocoa-Dynamic";
		};
		AE57592C2ACEE04100E8EF51 /* RxRelay */ = {
			isa = XCSwiftPackageProductDependency;
			package = AE5759232ACEE04100E8EF51 /* XCRemoteSwiftPackageReference "RxSwift" */;
			productName = RxRelay;
		};
		AE57592E2ACEE04100E8EF51 /* RxRelay-Dynamic */ = {
			isa = XCSwiftPackageProductDependency;
			package = AE5759232ACEE04100E8EF51 /* XCRemoteSwiftPackageReference "RxSwift" */;
			productName = "RxRelay-Dynamic";
		};
		AE5759302ACEE04100E8EF51 /* RxSwift */ = {
			isa = XCSwiftPackageProductDependency;
			package = AE5759232ACEE04100E8EF51 /* XCRemoteSwiftPackageReference "RxSwift" */;
			productName = RxSwift;
		};
		AE5759322ACEE04100E8EF51 /* RxSwift-Dynamic */ = {
			isa = XCSwiftPackageProductDependency;
			package = AE5759232ACEE04100E8EF51 /* XCRemoteSwiftPackageReference "RxSwift" */;
			productName = "RxSwift-Dynamic";
		};
		AE5759342ACEE04100E8EF51 /* RxTest */ = {
			isa = XCSwiftPackageProductDependency;
			package = AE5759232ACEE04100E8EF51 /* XCRemoteSwiftPackageReference "RxSwift" */;
			productName = RxTest;
		};
		AE5759362ACEE04100E8EF51 /* RxTest-Dynamic */ = {
			isa = XCSwiftPackageProductDependency;
			package = AE5759232ACEE04100E8EF51 /* XCRemoteSwiftPackageReference "RxSwift" */;
			productName = "RxTest-Dynamic";
		};
/* End XCSwiftPackageProductDependency section */
	};
	rootObject = 78793A412ACEC3C200B80163 /* Project object */;
}
